{
	archiveVersion = 1;
	classes = {};
	objectVersion = 56;
	objects = {
		5C0200000000000000000000 /* Assets.xcassets in Resources */ = {isa = PBXBuildFile; fileRef = 5C0100000000000000000000 /* Assets.xcassets */; };
		5C0200000000000000000001 /* ContentView.swift in Sources */ = {isa = PBXBuildFile; fileRef = 5C0100000000000000000001 /* ContentView.swift */; };
		5C0200000000000000000002 /* Models/AppStore.swift in Sources */ = {isa = PBXBuildFile; fileRef = 5C0100000000000000000002 /* Models/AppStore.swift */; };
		5C0200000000000000000003 /* Models/FeedModels.swift in Sources */ = {isa = PBXBuildFile; fileRef = 5C0100000000000000000003 /* Models/FeedModels.swift */; };
		5C0200000000000000000004 /* Services/FeedParser.swift in Sources */ = {isa = PBXBuildFile; fileRef = 5C0100000000000000000004 /* Services/FeedParser.swift */; };
		5C0200000000000000000005 /* Services/TranslationServices.swift in Sources */ = {isa = PBXBuildFile; fileRef = 5C0100000000000000000005 /* Services/TranslationServices.swift */; };
		5C0200000000000000000006 /* Views/AddFeedView.swift in Sources */ = {isa = PBXBuildFile; fileRef = 5C0100000000000000000006 /* Views/AddFeedView.swift */; };
		5C0200000000000000000007 /* Views/ArticleListView.swift in Sources */ = {isa = PBXBuildFile; fileRef = 5C0100000000000000000007 /* Views/ArticleListView.swift */; };
		5C0200000000000000000008 /* Views/ArticleReaderView.swift in Sources */ = {isa = PBXBuildFile; fileRef = 5C0100000000000000000008 /* Views/ArticleReaderView.swift */; };
		5C0200000000000000000009 /* Views/FeedsListView.swift in Sources */ = {isa = PBXBuildFile; fileRef = 5C0100000000000000000009 /* Views/FeedsListView.swift */; };
		5C020000000000000000000a /* Views/SettingsView.swift in Sources */ = {isa = PBXBuildFile; fileRef = 5C010000000000000000000a /* Views/SettingsView.swift */; };
		5C020000000000000000000b /* App.swift in Sources */ = {isa = PBXBuildFile; fileRef = 5C010000000000000000000b /* App.swift */; };
		5C020000000000000000000c /* Cloud.swift in Sources */ = {isa = PBXBuildFile; fileRef = 5C010000000000000000000c /* Cloud.swift */; };
		5C020000000000000000000d /* Services/ArticleContentFetcher.swift in Sources */ = {isa = PBXBuildFile; fileRef = 5C010000000000000000000d /* Services/ArticleContentFetcher.swift */; };
		5C020000000000000000000e /* Views/FavoritesListView.swift in Sources */ = {isa = PBXBuildFile; fileRef = 5C010000000000000000000e /* Views/FavoritesListView.swift */; };
		5C020000000000000000000f /* Services/OfflineCache.swift in Sources */ = {isa = PBXBuildFile; fileRef = 5C010000000000000000000f /* Services/OfflineCache.swift */; };
		5C0200000000000000000010 /* Views/SelectableTextViews.swift in Sources */ = {isa = PBXBuildFile; fileRef = 5C0100000000000000000010 /* Views/SelectableTextViews.swift */; };
		5C0000000000000000000006 /* IosRss.app */ = {isa = PBXFileReference; explicitFileType = wrapper.application; includeInIndex = 0; path = "IosRss.app"; sourceTree = BUILT_PRODUCTS_DIR; };
		5C0100000000000000000000 /* Assets.xcassets */ = {isa = PBXFileReference; lastKnownFileType = folder.assetcatalog; path = "Assets.xcassets"; sourceTree = "<group>";};
        5C0100000000000000000001 /* ContentView.swift */ = {isa = PBXFileReference; lastKnownFileType = sourcecode.swift; path = "ContentView.swift"; sourceTree = "<group>"; };
		5C0100000000000000000002 /* Models/AppStore.swift */ = {isa = PBXFileReference; lastKnownFileType = sourcecode.swift; path = "Models/AppStore.swift"; sourceTree = "<group>"; };
		5C0100000000000000000003 /* Models/FeedModels.swift */ = {isa = PBXFileReference; lastKnownFileType = sourcecode.swift; path = "Models/FeedModels.swift"; sourceTree = "<group>"; };
		5C0100000000000000000004 /* Services/FeedParser.swift */ = {isa = PBXFileReference; lastKnownFileType = sourcecode.swift; path = "Services/FeedParser.swift"; sourceTree = "<group>"; };
		5C0100000000000000000005 /* Services/TranslationServices.swift */ = {isa = PBXFileReference; lastKnownFileType = sourcecode.swift; path = "Services/TranslationServices.swift"; sourceTree = "<group>"; };
		5C010000000000000000000d /* Services/ArticleContentFetcher.swift */ = {isa = PBXFileReference; lastKnownFileType = sourcecode.swift; path = "Services/ArticleContentFetcher.swift"; sourceTree = "<group>"; };
		5C010000000000000000000f /* Services/OfflineCache.swift */ = {isa = PBXFileReference; lastKnownFileType = sourcecode.swift; path = "Services/OfflineCache.swift"; sourceTree = "<group>"; };
		5C0100000000000000000006 /* Views/AddFeedView.swift */ = {isa = PBXFileReference; lastKnownFileType = sourcecode.swift; path = "Views/AddFeedView.swift"; sourceTree = "<group>"; };
		5C0100000000000000000007 /* Views/ArticleListView.swift */ = {isa = PBXFileReference; lastKnownFileType = sourcecode.swift; path = "Views/ArticleListView.swift"; sourceTree = "<group>"; };
		5C0100000000000000000008 /* Views/ArticleReaderView.swift */ = {isa = PBXFileReference; lastKnownFileType = sourcecode.swift; path = "Views/ArticleReaderView.swift"; sourceTree = "<group>"; };
		5C0100000000000000000009 /* Views/FeedsListView.swift */ = {isa = PBXFileReference; lastKnownFileType = sourcecode.swift; path = "Views/FeedsListView.swift"; sourceTree = "<group>"; };
		5C010000000000000000000a /* Views/SettingsView.swift */ = {isa = PBXFileReference; lastKnownFileType = sourcecode.swift; path = "Views/SettingsView.swift"; sourceTree = "<group>"; };
		5C010000000000000000000b /* App.swift */ = {isa = PBXFileReference; lastKnownFileType = sourcecode.swift; path = "App.swift"; sourceTree = "<group>"; };
		5C010000000000000000000c /* Cloud.swift */ = {isa = PBXFileReference; lastKnownFileType = sourcecode.swift; path = "Cloud.swift"; sourceTree = "<group>"; };
		5C010000000000000000000e /* Views/FavoritesListView.swift */ = {isa = PBXFileReference; lastKnownFileType = sourcecode.swift; path = "Views/FavoritesListView.swift"; sourceTree = "<group>"; };
		5C0100000000000000000010 /* Views/SelectableTextViews.swift */ = {isa = PBXFileReference; lastKnownFileType = sourcecode.swift; path = "Views/SelectableTextViews.swift"; sourceTree = "<group>"; };
		5C000000000000000000000C /* Frameworks */ = {isa = PBXFrameworksBuildPhase; buildActionMask = 2147483647; files = (); runOnlyForDeploymentPostprocessing = 0; };
		5C0000000000000000000002 = {isa = PBXGroup; children = (5C0000000000000000000004 /* IosRss */, 5C0000000000000000000003 /* Products */); sourceTree = "<group>"; };
		5C0000000000000000000003 /* Products */ = {isa = PBXGroup; children = (5C0000000000000000000006 /* IosRss.app */); name = Products; sourceTree = "<group>"; };
		5C0000000000000000000004 /* IosRss */ = {isa = PBXGroup; children = (5C0100000000000000000000 /* Assets.xcassets */, 5C0100000000000000000001 /* ContentView.swift */, 5C0100000000000000000002 /* Models/AppStore.swift */, 5C0100000000000000000003 /* Models/FeedModels.swift */, 5C0100000000000000000004 /* Services/FeedParser.swift */, 5C0100000000000000000005 /* Services/TranslationServices.swift */, 5C010000000000000000000d /* Services/ArticleContentFetcher.swift */, 5C010000000000000000000f /* Services/OfflineCache.swift */, 5C0100000000000000000006 /* Views/AddFeedView.swift */, 5C0100000000000000000007 /* Views/ArticleListView.swift */, 5C0100000000000000000008 /* Views/ArticleReaderView.swift */, 5C0100000000000000000009 /* Views/FeedsListView.swift */, 5C010000000000000000000a /* Views/SettingsView.swift */, 5C010000000000000000000b /* App.swift */, 5C010000000000000000000c /* Cloud.swift */, 5C010000000000000000000e /* Views/FavoritesListView.swift */, 5C0100000000000000000010 /* Views/SelectableTextViews.swift */); path = "IosRss"; sourceTree = "<group>"; };
		5C0000000000000000000005 /* IosRss */ = {isa = PBXNativeTarget; buildConfigurationList = 5C000000000000000000000F /* Build configuration list for PBXNativeTarget \"IosRss\" */; buildPhases = (5C000000000000000000000B /* Sources */, 5C000000000000000000000C /* Frameworks */, 5C000000000000000000000D /* Resources */); buildRules = (); dependencies = (); name = "IosRss"; productName = "IosRss"; productReference = 5C0000000000000000000006 /* IosRss.app */; productType = "com.apple.product-type.application"; };
		5C0000000000000000000001 /* Project object */ = {isa = PBXProject; attributes = {BuildIndependentTargetsInParallel = 1; LastSwiftUpdateCheck = 1500; LastUpgradeCheck = 1500; TargetAttributes = {5C0000000000000000000005 = {CreatedOnToolsVersion = 15.0; };};}; buildConfigurationList = 5C000000000000000000000E /* Build configuration list for PBXProject \"IosRss\" */; compatibilityVersion = "Xcode 14.0"; developmentRegion = en; hasScannedForEncodings = 0; knownRegions = (en, Base); mainGroup = 5C0000000000000000000002; productRefGroup = 5C0000000000000000000003 /* Products */; projectDirPath = ""; projectRoot = ""; targets = (5C0000000000000000000005 /* IosRss */); };
		5C000000000000000000000D /* Resources */ = {isa = PBXResourcesBuildPhase; buildActionMask = 2147483647; files = (5C0200000000000000000000 /* Assets.xcassets in Resources */); runOnlyForDeploymentPostprocessing = 0; };
		5C000000000000000000000B /* Sources */ = {isa = PBXSourcesBuildPhase; buildActionMask = 2147483647; files = (5C0200000000000000000001 /* ContentView.swift in Sources */, 5C0200000000000000000002 /* Models/AppStore.swift in Sources */, 5C0200000000000000000003 /* Models/FeedModels.swift in Sources */, 5C0200000000000000000004 /* Services/FeedParser.swift in Sources */, 5C0200000000000000000005 /* Services/TranslationServices.swift in Sources */, 5C020000000000000000000d /* Services/ArticleContentFetcher.swift in Sources */, 5C020000000000000000000f /* Services/OfflineCache.swift in Sources */, 5C0200000000000000000006 /* Views/AddFeedView.swift in Sources */, 5C0200000000000000000007 /* Views/ArticleListView.swift in Sources */, 5C0200000000000000000008 /* Views/ArticleReaderView.swift in Sources */, 5C0200000000000000000009 /* Views/FeedsListView.swift in Sources */, 5C020000000000000000000a /* Views/SettingsView.swift in Sources */, 5C020000000000000000000b /* App.swift in Sources */, 5C020000000000000000000c /* Cloud.swift in Sources */, 5C020000000000000000000e /* Views/FavoritesListView.swift in Sources */, 5C0200000000000000000010 /* Views/SelectableTextViews.swift in Sources */); runOnlyForDeploymentPostprocessing = 0; };
		5C0000000000000000000010 /* Debug */ = {isa = XCBuildConfiguration; buildSettings = {CLANG_ENABLE_MODULES = YES; CLANG_ENABLE_OBJC_ARC = YES; ENABLE_TESTABILITY = YES; GCC_OPTIMIZATION_LEVEL = 0; IPHONEOS_DEPLOYMENT_TARGET = 18.0; ONLY_ACTIVE_ARCH = YES; SDKROOT = iphoneos; SWIFT_ACTIVE_COMPILATION_CONDITIONS = "DEBUG $(inherited)"; SWIFT_OPTIMIZATION_LEVEL = "-Onone"; }; name = Debug; };
		5C0000000000000000000011 /* Release */ = {isa = XCBuildConfiguration; buildSettings = {CLANG_ENABLE_MODULES = YES; CLANG_ENABLE_OBJC_ARC = YES; ENABLE_NS_ASSERTIONS = NO; IPHONEOS_DEPLOYMENT_TARGET = 18.0; SDKROOT = iphoneos; SWIFT_OPTIMIZATION_LEVEL = "-O"; VALIDATE_PRODUCT = YES; }; name = Release; };
		5C0000000000000000000012 /* Debug */ = {isa = XCBuildConfiguration; buildSettings = {CODE_SIGN_STYLE = Automatic; CURRENT_PROJECT_VERSION = 4; GENERATE_INFOPLIST_FILE = YES; ASSETCATALOG_COMPILER_APPICON_NAME = AppIcon; INFOPLIST_KEY_UIApplicationSceneManifest_Generation = YES; INFOPLIST_KEY_UIApplicationSupportsIndirectInputEvents = YES; INFOPLIST_KEY_UILaunchScreen_Generation = YES; INFOPLIST_KEY_UISupportedInterfaceOrientations = "UIInterfaceOrientationPortrait UIInterfaceOrientationLandscapeLeft UIInterfaceOrientationLandscapeRight"; LD_RUNPATH_SEARCH_PATHS = ("$(inherited)", "@executable_path/Frameworks"); MARKETING_VERSION = 1.2; PRODUCT_BUNDLE_IDENTIFIER = "com.example.IosRss"; INFOPLIST_KEY_CFBundleDisplayName = "IosRss"; PRODUCT_NAME = "$(TARGET_NAME)"; SWIFT_EMIT_LOC_STRINGS = YES; SWIFT_VERSION = 5.0; TARGETED_DEVICE_FAMILY = "1,2"; }; name = Debug; };
		5C0000000000000000000013 /* Release */ = {isa = XCBuildConfiguration; buildSettings = {CODE_SIGN_STYLE = Automatic; CURRENT_PROJECT_VERSION = 4; GENERATE_INFOPLIST_FILE = YES; ASSETCATALOG_COMPILER_APPICON_NAME = AppIcon; INFOPLIST_KEY_UIApplicationSceneManifest_Generation = YES; INFOPLIST_KEY_UIApplicationSupportsIndirectInputEvents = YES; INFOPLIST_KEY_UILaunchScreen_Generation = YES; INFOPLIST_KEY_UISupportedInterfaceOrientations = "UIInterfaceOrientationPortrait UIInterfaceOrientationLandscapeLeft UIInterfaceOrientationLandscapeRight"; LD_RUNPATH_SEARCH_PATHS = ("$(inherited)", "@executable_path/Frameworks"); MARKETING_VERSION = 1.2; PRODUCT_BUNDLE_IDENTIFIER = "com.example.IosRss"; INFOPLIST_KEY_CFBundleDisplayName = "IosRss"; PRODUCT_NAME = "$(TARGET_NAME)"; SWIFT_EMIT_LOC_STRINGS = YES; SWIFT_VERSION = 5.0; TARGETED_DEVICE_FAMILY = "1,2"; }; name = Release; };
		5C000000000000000000000E /* Build configuration list for PBXProject \"IosRss\" */ = {isa = XCConfigurationList; buildConfigurations = (5C0000000000000000000010 /* Debug */, 5C0000000000000000000011 /* Release */); defaultConfigurationIsVisible = 0; defaultConfigurationName = Release; };
		5C000000000000000000000F /* Build configuration list for PBXNativeTarget \"IosRss\" */ = {isa = XCConfigurationList; buildConfigurations = (5C0000000000000000000012 /* Debug */, 5C0000000000000000000013 /* Release */); defaultConfigurationIsVisible = 0; defaultConfigurationName = Release; };
	};
	rootObject = 5C0000000000000000000001 /* Project object */;
}
