
{
	archiveVersion = 1;
	classes = {};
	objectVersion = 56;
	objects = {
		5C0200000000000000000000  = {isa = PBXBuildFile; fileRef = 5C0100000000000000000000 ; };
		5C0200000000000000000001  = {isa = PBXBuildFile; fileRef = 5C0100000000000000000001 ; };
		5C0200000000000000000002  = {isa = PBXBuildFile; fileRef = 5C0100000000000000000002 ; };
		5C0200000000000000000003  = {isa = PBXBuildFile; fileRef = 5C0100000000000000000003 ; };
		5C0200000000000000000004  = {isa = PBXBuildFile; fileRef = 5C0100000000000000000004 ; };
		5C0200000000000000000005  = {isa = PBXBuildFile; fileRef = 5C0100000000000000000005 ; };
		5C0200000000000000000006  = {isa = PBXBuildFile; fileRef = 5C0100000000000000000006 ; };
		5C0200000000000000000007  = {isa = PBXBuildFile; fileRef = 5C0100000000000000000007 ; };
		5C0200000000000000000008  = {isa = PBXBuildFile; fileRef = 5C0100000000000000000008 ; };
		5C0200000000000000000009  = {isa = PBXBuildFile; fileRef = 5C0100000000000000000009 ; };
		5C020000000000000000000a  = {isa = PBXBuildFile; fileRef = 5C010000000000000000000a ; };
		5C020000000000000000000b  = {isa = PBXBuildFile; fileRef = 5C010000000000000000000b ; };
		5C020000000000000000000c  = {isa = PBXBuildFile; fileRef = 5C010000000000000000000c ; };
		5C020000000000000000000d  = {isa = PBXBuildFile; fileRef = 5C010000000000000000000d ; };
		5C020000000000000000000e  = {isa = PBXBuildFile; fileRef = 5C010000000000000000000e ; };
		5C020000000000000000000f  = {isa = PBXBuildFile; fileRef = 5C010000000000000000000f ; };
		5C0200000000000000000010  = {isa = PBXBuildFile; fileRef = 5C0100000000000000000010 ; };
		5C0200000000000000000011  = {isa = PBXBuildFile; fileRef = 5C0100000000000000000011 ; };
		5C0200000000000000000019  = {isa = PBXBuildFile; fileRef = 5C0100000000000000000019 ; };
		5C020000000000000000001A  = {isa = PBXBuildFile; fileRef = 5C010000000000000000001A ; };
		5C020000000000000000001B  = {isa = PBXBuildFile; fileRef = 5C010000000000000000001B ; };
		5C0200000000000000000012  = {isa = PBXBuildFile; fileRef = 5C0100000000000000000012 ; };
		5C0200000000000000000013  = {isa = PBXBuildFile; fileRef = 5C0100000000000000000013 ; };
		5C0200000000000000000014  = {isa = PBXBuildFile; fileRef = 5C0100000000000000000014 ; };
		5C0200000000000000000016  = {isa = PBXBuildFile; fileRef = 5C0100000000000000000016 ; };
		5C0200000000000000000017  = {isa = PBXBuildFile; fileRef = 5C0100000000000000000017 ; };
		5C0000000000000000000006  = {isa = PBXFileReference; explicitFileType = wrapper.application; includeInIndex = 0; path = "IosRss.app"; sourceTree = BUILT_PRODUCTS_DIR; };
		5C0100000000000000000000  = {isa = PBXFileReference; lastKnownFileType = folder.assetcatalog; path = "Assets.xcassets"; sourceTree = "<group>";};
        5C0100000000000000000001  = {isa = PBXFileReference; lastKnownFileType = sourcecode.swift; path = "ContentView.swift"; sourceTree = "<group>"; };
		5C0100000000000000000002  = {isa = PBXFileReference; lastKnownFileType = sourcecode.swift; path = "Models/AppStore.swift"; sourceTree = "<group>"; };
		5C0100000000000000000003  = {isa = PBXFileReference; lastKnownFileType = sourcecode.swift; path = "Models/FeedModels.swift"; sourceTree = "<group>"; };
		5C0100000000000000000004  = {isa = PBXFileReference; lastKnownFileType = sourcecode.swift; path = "Services/FeedParser.swift"; sourceTree = "<group>"; };
		5C0100000000000000000005  = {isa = PBXFileReference; lastKnownFileType = sourcecode.swift; path = "Services/TranslationServices.swift"; sourceTree = "<group>"; };
		5C010000000000000000000d  = {isa = PBXFileReference; lastKnownFileType = sourcecode.swift; path = "Services/ArticleContentFetcher.swift"; sourceTree = "<group>"; };
		5C010000000000000000000f  = {isa = PBXFileReference; lastKnownFileType = sourcecode.swift; path = "Services/OfflineCache.swift"; sourceTree = "<group>"; };
		5C0100000000000000000006  = {isa = PBXFileReference; lastKnownFileType = sourcecode.swift; path = "Views/AddFeedView.swift"; sourceTree = "<group>"; };
		5C0100000000000000000007  = {isa = PBXFileReference; lastKnownFileType = sourcecode.swift; path = "Views/ArticleListView.swift"; sourceTree = "<group>"; };
		5C0100000000000000000008  = {isa = PBXFileReference; lastKnownFileType = sourcecode.swift; path = "Views/ArticleReaderView.swift"; sourceTree = "<group>"; };
		5C0100000000000000000009  = {isa = PBXFileReference; lastKnownFileType = sourcecode.swift; path = "Views/FeedsListView.swift"; sourceTree = "<group>"; };
		5C010000000000000000000a  = {isa = PBXFileReference; lastKnownFileType = sourcecode.swift; path = "Views/SettingsView.swift"; sourceTree = "<group>"; };
		5C010000000000000000000b  = {isa = PBXFileReference; lastKnownFileType = sourcecode.swift; path = "App.swift"; sourceTree = "<group>"; };
		5C010000000000000000000c  = {isa = PBXFileReference; lastKnownFileType = sourcecode.swift; path = "Cloud.swift"; sourceTree = "<group>"; };
		5C010000000000000000000e  = {isa = PBXFileReference; lastKnownFileType = sourcecode.swift; path = "Views/FavoritesListView.swift"; sourceTree = "<group>"; };
		5C0100000000000000000010  = {isa = PBXFileReference; lastKnownFileType = sourcecode.swift; path = "Views/SelectableTextViews.swift"; sourceTree = "<group>"; };
		5C0100000000000000000011  = {isa = PBXFileReference; lastKnownFileType = sourcecode.swift; path = "Services/CommentFetcher.swift"; sourceTree = "<group>"; };
		5C0100000000000000000019  = {isa = PBXFileReference; lastKnownFileType = sourcecode.swift; path = "Services/EdgeTTS.swift"; sourceTree = "<group>"; };
		5C010000000000000000001A  = {isa = PBXFileReference; lastKnownFileType = text.json; path = "Localizable.xcstrings"; sourceTree = "<group>"; };
		5C010000000000000000001B  = {isa = PBXFileReference; lastKnownFileType = sourcecode.swift; path = "Theme/AppTheme.swift"; sourceTree = "<group>"; };
		5C0100000000000000000024  = {isa = PBXFileReference; lastKnownFileType = text.plist.xml; path = "Info.plist"; sourceTree = "<group>"; };
		5C0100000000000000000025  = {isa = PBXFileReference; lastKnownFileType = sourcecode.swift; path = "Services/NetworkURLPolicy.swift"; sourceTree = "<group>"; };
		5C0200000000000000000025  = {isa = PBXBuildFile; fileRef = 5C0100000000000000000025 ; };
		5C0100000000000000000012  = {isa = PBXFileReference; lastKnownFileType = sourcecode.swift; path = "Views/ArticleCommentsView.swift"; sourceTree = "<group>"; };
		5C0100000000000000000013  = {isa = PBXFileReference; lastKnownFileType = sourcecode.swift; path = "Views/SettingsExtraViews.swift"; sourceTree = "<group>"; };
		5C0100000000000000000014  = {isa = PBXFileReference; lastKnownFileType = sourcecode.swift; path = "Views/SettingsAIViews.swift"; sourceTree = "<group>"; };
		5C0100000000000000000016  = {isa = PBXFileReference; lastKnownFileType = sourcecode.swift; path = "Views/ArticleReaderExtras.swift"; sourceTree = "<group>"; };
		5C0100000000000000000017  = {isa = PBXFileReference; lastKnownFileType = sourcecode.swift; path = "Views/ArticleContentViews.swift"; sourceTree = "<group>"; };
		5C000000000000000000000C  = {isa = PBXFrameworksBuildPhase; buildActionMask = 2147483647; files = (); runOnlyForDeploymentPostprocessing = 0; };
		5C0000000000000000000002 = {isa = PBXGroup; children = (5C0000000000000000000004, 5C0000000000000000000003); sourceTree = "<group>"; };
		5C0000000000000000000003  = {isa = PBXGroup; children = (5C0000000000000000000006); name = Products; sourceTree = "<group>"; };
		5C0000000000000000000004  = {isa = PBXGroup; children = (5C0100000000000000000000, 5C0100000000000000000001, 5C0100000000000000000002, 5C0100000000000000000003, 5C0100000000000000000004, 5C0100000000000000000005, 5C010000000000000000000d, 5C010000000000000000000f, 5C0100000000000000000011, 5C0100000000000000000019, 5C0100000000000000000006, 5C0100000000000000000007, 5C0100000000000000000008, 5C0100000000000000000009, 5C010000000000000000000a, 5C010000000000000000000b, 5C010000000000000000000c, 5C010000000000000000000e, 5C0100000000000000000010, 5C0100000000000000000012, 5C0100000000000000000013, 5C0100000000000000000014, 5C0100000000000000000016, 5C0100000000000000000017, 5C010000000000000000001A, 5C010000000000000000001B, 5C0100000000000000000024, 5C0100000000000000000025); path = "IosRss"; sourceTree = "<group>"; };
		5C0000000000000000000005  = {isa = PBXNativeTarget; buildConfigurationList = 5C000000000000000000000F; buildPhases = (5C000000000000000000000B, 5C000000000000000000000C, 5C000000000000000000000D); buildRules = (); dependencies = (); name = "IosRss"; productName = "IosRss"; productReference = 5C0000000000000000000006; productType = "com.apple.product-type.application"; };
		5C0000000000000000000001 = {isa = PBXProject; attributes = {BuildIndependentTargetsInParallel = 1; LastSwiftUpdateCheck = 1500; LastUpgradeCheck = 1500; TargetAttributes = {5C0000000000000000000005 = {CreatedOnToolsVersion = 15.0; };};}; buildConfigurationList = 5C000000000000000000000E; compatibilityVersion = "Xcode 14.0"; developmentRegion = "zh-Hans"; hasScannedForEncodings = 0; knownRegions = (en, "zh-Hans", Base); mainGroup = 5C0000000000000000000002; productRefGroup = 5C0000000000000000000003 ; projectDirPath = ""; projectRoot = ""; targets = (5C0000000000000000000005); };
		5C000000000000000000000D  = {isa = PBXResourcesBuildPhase; buildActionMask = 2147483647; files = (5C0200000000000000000000, 5C020000000000000000001A); runOnlyForDeploymentPostprocessing = 0; };
		5C000000000000000000000B  = {isa = PBXSourcesBuildPhase; buildActionMask = 2147483647; files = (5C0200000000000000000001, 5C0200000000000000000002, 5C0200000000000000000003, 5C0200000000000000000004, 5C0200000000000000000005, 5C020000000000000000000d, 5C020000000000000000000f, 5C0200000000000000000011, 5C0200000000000000000019, 5C0200000000000000000006, 5C0200000000000000000007, 5C0200000000000000000008, 5C0200000000000000000009, 5C020000000000000000000a, 5C020000000000000000000b, 5C020000000000000000000c, 5C020000000000000000000e, 5C0200000000000000000010, 5C0200000000000000000012, 5C0200000000000000000013, 5C0200000000000000000014, 5C0200000000000000000016, 5C0200000000000000000017, 5C020000000000000000001B, 5C0200000000000000000025); runOnlyForDeploymentPostprocessing = 0; };
		5C0000000000000000000010  = {isa = XCBuildConfiguration; buildSettings = {CLANG_ENABLE_MODULES = YES; CLANG_ENABLE_OBJC_ARC = YES; ENABLE_TESTABILITY = YES; GCC_OPTIMIZATION_LEVEL = 0; IPHONEOS_DEPLOYMENT_TARGET = 18.0; ONLY_ACTIVE_ARCH = YES; SDKROOT = iphoneos; SWIFT_ACTIVE_COMPILATION_CONDITIONS = "DEBUG $(inherited)"; SWIFT_OPTIMIZATION_LEVEL = "-Onone"; }; name = Debug; };
		5C0000000000000000000011  = {isa = XCBuildConfiguration; buildSettings = {CLANG_ENABLE_MODULES = YES; CLANG_ENABLE_OBJC_ARC = YES; ENABLE_NS_ASSERTIONS = NO; IPHONEOS_DEPLOYMENT_TARGET = 18.0; SDKROOT = iphoneos; SWIFT_OPTIMIZATION_LEVEL = "-O"; VALIDATE_PRODUCT = YES; }; name = Release; };
		5C0000000000000000000012  = {isa = XCBuildConfiguration; buildSettings = {CODE_SIGN_STYLE = Automatic; CURRENT_PROJECT_VERSION = 7; GENERATE_INFOPLIST_FILE = YES; INFOPLIST_FILE = IosRss/Info.plist; ASSETCATALOG_COMPILER_APPICON_NAME = AppIcon; INFOPLIST_KEY_UIApplicationSceneManifest_Generation = YES; INFOPLIST_KEY_UIApplicationSupportsIndirectInputEvents = YES; INFOPLIST_KEY_UILaunchScreen_Generation = YES; INFOPLIST_KEY_UISupportedInterfaceOrientations = "UIInterfaceOrientationPortrait UIInterfaceOrientationLandscapeLeft UIInterfaceOrientationLandscapeRight"; LD_RUNPATH_SEARCH_PATHS = ("$(inherited)", "@executable_path/Frameworks"); MARKETING_VERSION = 1.3; PRODUCT_BUNDLE_IDENTIFIER = "com.example.IosRss"; INFOPLIST_KEY_CFBundleDisplayName = "IosRss"; PRODUCT_NAME = "$(TARGET_NAME)"; SWIFT_EMIT_LOC_STRINGS = YES; SWIFT_VERSION = 5.0; TARGETED_DEVICE_FAMILY = "1,2"; }; name = Debug; };
		5C0000000000000000000013  = {isa = XCBuildConfiguration; buildSettings = {CODE_SIGN_STYLE = Automatic; CURRENT_PROJECT_VERSION = 7; GENERATE_INFOPLIST_FILE = YES; INFOPLIST_FILE = IosRss/Info.plist; ASSETCATALOG_COMPILER_APPICON_NAME = AppIcon; INFOPLIST_KEY_UIApplicationSceneManifest_Generation = YES; INFOPLIST_KEY_UIApplicationSupportsIndirectInputEvents = YES; INFOPLIST_KEY_UILaunchScreen_Generation = YES; INFOPLIST_KEY_UISupportedInterfaceOrientations = "UIInterfaceOrientationPortrait UIInterfaceOrientationLandscapeLeft UIInterfaceOrientationLandscapeRight"; LD_RUNPATH_SEARCH_PATHS = ("$(inherited)", "@executable_path/Frameworks"); MARKETING_VERSION = 1.3; PRODUCT_BUNDLE_IDENTIFIER = "com.example.IosRss"; INFOPLIST_KEY_CFBundleDisplayName = "IosRss"; PRODUCT_NAME = "$(TARGET_NAME)"; SWIFT_EMIT_LOC_STRINGS = YES; SWIFT_VERSION = 5.0; TARGETED_DEVICE_FAMILY = "1,2"; }; name = Release; };
		5C000000000000000000000E  = {isa = XCConfigurationList; buildConfigurations = (5C0000000000000000000010, 5C0000000000000000000011); defaultConfigurationIsVisible = 0; defaultConfigurationName = Release; };
		5C000000000000000000000F  = {isa = XCConfigurationList; buildConfigurations = (5C0000000000000000000012, 5C0000000000000000000013); defaultConfigurationIsVisible = 0; defaultConfigurationName = Release; };
	};
	rootObject = 5C0000000000000000000001;
}
